// !$*UTF8*$!
{
	archiveVersion = 1;
	classes = {
	};
	objectVersion = 50;
	objects = {

/* Begin PBXBuildFile section */
		C121958623E2639B000AC6B1 /* colorGuessingModel.swift in Sources */ = {isa = PBXBuildFile; fileRef = C121958523E2639B000AC6B1 /* colorGuessingModel.swift */; };
		C193FE1E23E1040400C9F614 /* AppDelegate.swift in Sources */ = {isa = PBXBuildFile; fileRef = C193FE1D23E1040400C9F614 /* AppDelegate.swift */; };
		C193FE2023E1040400C9F614 /* SceneDelegate.swift in Sources */ = {isa = PBXBuildFile; fileRef = C193FE1F23E1040400C9F614 /* SceneDelegate.swift */; };
		C193FE2223E1040400C9F614 /* ViewController.swift in Sources */ = {isa = PBXBuildFile; fileRef = C193FE2123E1040400C9F614 /* ViewController.swift */; };
		C193FE2723E1040700C9F614 /* Assets.xcassets in Resources */ = {isa = PBXBuildFile; fileRef = C193FE2623E1040700C9F614 /* Assets.xcassets */; };
		C193FE2A23E1040700C9F614 /* LaunchScreen.storyboard in Resources */ = {isa = PBXBuildFile; fileRef = C193FE2823E1040700C9F614 /* LaunchScreen.storyboard */; };
		C193FE3223E1066600C9F614 /* MainView.swift in Sources */ = {isa = PBXBuildFile; fileRef = C193FE3123E1066600C9F614 /* MainView.swift */; };
/* End PBXBuildFile section */

/* Begin PBXFileReference section */
		C121958523E2639B000AC6B1 /* colorGuessingModel.swift */ = {isa = PBXFileReference; lastKnownFileType = sourcecode.swift; path = colorGuessingModel.swift; sourceTree = "<group>"; };
		C193FE1A23E1040400C9F614 /* Programattic UI Lab.app */ = {isa = PBXFileReference; explicitFileType = wrapper.application; includeInIndex = 0; path = "Programattic UI Lab.app"; sourceTree = BUILT_PRODUCTS_DIR; };
		C193FE1D23E1040400C9F614 /* AppDelegate.swift */ = {isa = PBXFileReference; lastKnownFileType = sourcecode.swift; path = AppDelegate.swift; sourceTree = "<group>"; };
		C193FE1F23E1040400C9F614 /* SceneDelegate.swift */ = {isa = PBXFileReference; lastKnownFileType = sourcecode.swift; path = SceneDelegate.swift; sourceTree = "<group>"; };
		C193FE2123E1040400C9F614 /* ViewController.swift */ = {isa = PBXFileReference; lastKnownFileType = sourcecode.swift; path = ViewController.swift; sourceTree = "<group>"; };
		C193FE2623E1040700C9F614 /* Assets.xcassets */ = {isa = PBXFileReference; lastKnownFileType = folder.assetcatalog; path = Assets.xcassets; sourceTree = "<group>"; };
		C193FE2923E1040700C9F614 /* Base */ = {isa = PBXFileReference; lastKnownFileType = file.storyboard; name = Base; path = Base.lproj/LaunchScreen.storyboard; sourceTree = "<group>"; };
		C193FE2B23E1040700C9F614 /* Info.plist */ = {isa = PBXFileReference; lastKnownFileType = text.plist.xml; path = Info.plist; sourceTree = "<group>"; };
		C193FE3123E1066600C9F614 /* MainView.swift */ = {isa = PBXFileReference; lastKnownFileType = sourcecode.swift; path = MainView.swift; sourceTree = "<group>"; };
/* End PBXFileReference section */

/* Begin PBXFrameworksBuildPhase section */
		C193FE1723E1040400C9F614 /* Frameworks */ = {
			isa = PBXFrameworksBuildPhase;
			buildActionMask = 2147483647;
			files = (
			);
			runOnlyForDeploymentPostprocessing = 0;
		};
/* End PBXFrameworksBuildPhase section */

/* Begin PBXGroup section */
		C193FE1123E1040400C9F614 = {
			isa = PBXGroup;
			children = (
				C193FE1C23E1040400C9F614 /* Programattic UI Lab */,
				C193FE1B23E1040400C9F614 /* Products */,
			);
			sourceTree = "<group>";
		};
		C193FE1B23E1040400C9F614 /* Products */ = {
			isa = PBXGroup;
			children = (
				C193FE1A23E1040400C9F614 /* Programattic UI Lab.app */,
			);
			name = Products;
			sourceTree = "<group>";
		};
		C193FE1C23E1040400C9F614 /* Programattic UI Lab */ = {
			isa = PBXGroup;
			children = (
				C193FE1D23E1040400C9F614 /* AppDelegate.swift */,
				C193FE1F23E1040400C9F614 /* SceneDelegate.swift */,
				C121958523E2639B000AC6B1 /* colorGuessingModel.swift */,
				C193FE3123E1066600C9F614 /* MainView.swift */,
				C193FE2123E1040400C9F614 /* ViewController.swift */,
				C193FE2623E1040700C9F614 /* Assets.xcassets */,
				C193FE2823E1040700C9F614 /* LaunchScreen.storyboard */,
				C193FE2B23E1040700C9F614 /* Info.plist */,
			);
			path = "Programattic UI Lab";
			sourceTree = "<group>";
		};
/* End PBXGroup section */

/* Begin PBXNativeTarget section */
		C193FE1923E1040400C9F614 /* Programattic UI Lab */ = {
			isa = PBXNativeTarget;
			buildConfigurationList = C193FE2E23E1040700C9F614 /* Build configuration list for PBXNativeTarget "Programattic UI Lab" */;
			buildPhases = (
				C193FE1623E1040400C9F614 /* Sources */,
				C193FE1723E1040400C9F614 /* Frameworks */,
				C193FE1823E1040400C9F614 /* Resources */,
			);
			buildRules = (
			);
			dependencies = (
			);
			name = "Programattic UI Lab";
			productName = "Programattic UI Lab";
			productReference = C193FE1A23E1040400C9F614 /* Programattic UI Lab.app */;
			productType = "com.apple.product-type.application";
		};
/* End PBXNativeTarget section */

/* Begin PBXProject section */
		C193FE1223E1040400C9F614 /* Project object */ = {
			isa = PBXProject;
			attributes = {
				LastSwiftUpdateCheck = 1130;
				LastUpgradeCheck = 1130;
				ORGANIZATIONNAME = "Gregory Keeley";
				TargetAttributes = {
					C193FE1923E1040400C9F614 = {
						CreatedOnToolsVersion = 11.3.1;
					};
				};
			};
			buildConfigurationList = C193FE1523E1040400C9F614 /* Build configuration list for PBXProject "Programattic UI Lab" */;
			compatibilityVersion = "Xcode 9.3";
			developmentRegion = en;
			hasScannedForEncodings = 0;
			knownRegions = (
				en,
				Base,
			);
			mainGroup = C193FE1123E1040400C9F614;
			productRefGroup = C193FE1B23E1040400C9F614 /* Products */;
			projectDirPath = "";
			projectRoot = "";
			targets = (
				C193FE1923E1040400C9F614 /* Programattic UI Lab */,
			);
		};
/* End PBXProject section */

/* Begin PBXResourcesBuildPhase section */
		C193FE1823E1040400C9F614 /* Resources */ = {
			isa = PBXResourcesBuildPhase;
			buildActionMask = 2147483647;
			files = (
				C193FE2A23E1040700C9F614 /* LaunchScreen.storyboard in Resources */,
				C193FE2723E1040700C9F614 /* Assets.xcassets in Resources */,
			);
			runOnlyForDeploymentPostprocessing = 0;
		};
/* End PBXResourcesBuildPhase section */

/* Begin PBXSourcesBuildPhase section */
		C193FE1623E1040400C9F614 /* Sources */ = {
			isa = PBXSourcesBuildPhase;
			buildActionMask = 2147483647;
			files = (
				C193FE2223E1040400C9F614 /* ViewController.swift in Sources */,
				C193FE3223E1066600C9F614 /* MainView.swift in Sources */,
				C193FE1E23E1040400C9F614 /* AppDelegate.swift in Sources */,
				C193FE2023E1040400C9F614 /* SceneDelegate.swift in Sources */,
				C121958623E2639B000AC6B1 /* colorGuessingModel.swift in Sources */,
			);
			runOnlyForDeploymentPostprocessing = 0;
		};
/* End PBXSourcesBuildPhase section */

/* Begin PBXVariantGroup section */
		C193FE2823E1040700C9F614 /* LaunchScreen.storyboard */ = {
			isa = PBXVariantGroup;
			children = (
				C193FE2923E1040700C9F614 /* Base */,
			);
			name = LaunchScreen.storyboard;
			sourceTree = "<group>";
		};
/* End PBXVariantGroup section */

/* Begin XCBuildConfiguration section */
		C193FE2C23E1040700C9F614 /* Debug */ = {
			isa = XCBuildConfiguration;
			buildSettings = {
				ALWAYS_SEARCH_USER_PATHS = NO;
				CLANG_ANALYZER_NONNULL = YES;
				CLANG_ANALYZER_NUMBER_OBJECT_CONVERSION = YES_AGGRESSIVE;
				CLANG_CXX_LANGUAGE_STANDARD = "gnu++14";
				CLANG_CXX_LIBRARY = "libc++";
				CLANG_ENABLE_MODULES = YES;
				CLANG_ENABLE_OBJC_ARC = YES;
				CLANG_ENABLE_OBJC_WEAK = YES;
				CLANG_WARN_BLOCK_CAPTURE_AUTORELEASING = YES;
				CLANG_WARN_BOOL_CONVERSION = YES;
				CLANG_WARN_COMMA = YES;
				CLANG_WARN_CONSTANT_CONVERSION = YES;
				CLANG_WARN_DEPRECATED_OBJC_IMPLEMENTATIONS = YES;
				CLANG_WARN_DIRECT_OBJC_ISA_USAGE = YES_ERROR;
				CLANG_WARN_DOCUMENTATION_COMMENTS = YES;
				CLANG_WARN_EMPTY_BODY = YES;
				CLANG_WARN_ENUM_CONVERSION = YES;
				CLANG_WARN_INFINITE_RECURSION = YES;
				CLANG_WARN_INT_CONVERSION = YES;
				CLANG_WARN_NON_LITERAL_NULL_CONVERSION = YES;
				CLANG_WARN_OBJC_IMPLICIT_RETAIN_SELF = YES;
				CLANG_WARN_OBJC_LITERAL_CONVERSION = YES;
				CLANG_WARN_OBJC_ROOT_CLASS = YES_ERROR;
				CLANG_WARN_RANGE_LOOP_ANALYSIS = YES;
				CLANG_WARN_STRICT_PROTOTYPES = YES;
				CLANG_WARN_SUSPICIOUS_MOVE = YES;
				CLANG_WARN_UNGUARDED_AVAILABILITY = YES_AGGRESSIVE;
				CLANG_WARN_UNREACHABLE_CODE = YES;
				CLANG_WARN__DUPLICATE_METHOD_MATCH = YES;
				COPY_PHASE_STRIP = NO;
				DEBUG_INFORMATION_FORMAT = dwarf;
				ENABLE_STRICT_OBJC_MSGSEND = YES;
				ENABLE_TESTABILITY = YES;
				GCC_C_LANGUAGE_STANDARD = gnu11;
				GCC_DYNAMIC_NO_PIC = NO;
				GCC_NO_COMMON_BLOCKS = YES;
				GCC_OPTIMIZATION_LEVEL = 0;
				GCC_PREPROCESSOR_DEFINITIONS = (
					"DEBUG=1",
					"$(inherited)",
				);
				GCC_WARN_64_TO_32_BIT_CONVERSION = YES;
				GCC_WARN_ABOUT_RETURN_TYPE = YES_ERROR;
				GCC_WARN_UNDECLARED_SELECTOR = YES;
				GCC_WARN_UNINITIALIZED_AUTOS = YES_AGGRESSIVE;
				GCC_WARN_UNUSED_FUNCTION = YES;
				GCC_WARN_UNUSED_VARIABLE = YES;
				IPHONEOS_DEPLOYMENT_TARGET = 13.2;
				MTL_ENABLE_DEBUG_INFO = INCLUDE_SOURCE;
				MTL_FAST_MATH = YES;
				ONLY_ACTIVE_ARCH = YES;
				SDKROOT = iphoneos;
				SWIFT_ACTIVE_COMPILATION_CONDITIONS = DEBUG;
				SWIFT_OPTIMIZATION_LEVEL = "-Onone";
			};
			name = Debug;
		};
		C193FE2D23E1040700C9F614 /* Release */ = {
			isa = XCBuildConfiguration;
			buildSettings = {
				ALWAYS_SEARCH_USER_PATHS = NO;
				CLANG_ANALYZER_NONNULL = YES;
				CLANG_ANALYZER_NUMBER_OBJECT_CONVERSION = YES_AGGRESSIVE;
				CLANG_CXX_LANGUAGE_STANDARD = "gnu++14";
				CLANG_CXX_LIBRARY = "libc++";
				CLANG_ENABLE_MODULES = YES;
				CLANG_ENABLE_OBJC_ARC = YES;
				CLANG_ENABLE_OBJC_WEAK = YES;
				CLANG_WARN_BLOCK_CAPTURE_AUTORELEASING = YES;
				CLANG_WARN_BOOL_CONVERSION = YES;
				CLANG_WARN_COMMA = YES;
				CLANG_WARN_CONSTANT_CONVERSION = YES;
				CLANG_WARN_DEPRECATED_OBJC_IMPLEMENTATIONS = YES;
				CLANG_WARN_DIRECT_OBJC_ISA_USAGE = YES_ERROR;
				CLANG_WARN_DOCUMENTATION_COMMENTS = YES;
				CLANG_WARN_EMPTY_BODY = YES;
				CLANG_WARN_ENUM_CONVERSION = YES;
				CLANG_WARN_INFINITE_RECURSION = YES;
				CLANG_WARN_INT_CONVERSION = YES;
				CLANG_WARN_NON_LITERAL_NULL_CONVERSION = YES;
				CLANG_WARN_OBJC_IMPLICIT_RETAIN_SELF = YES;
				CLANG_WARN_OBJC_LITERAL_CONVERSION = YES;
				CLANG_WARN_OBJC_ROOT_CLASS = YES_ERROR;
				CLANG_WARN_RANGE_LOOP_ANALYSIS = YES;
				CLANG_WARN_STRICT_PROTOTYPES = YES;
				CLANG_WARN_SUSPICIOUS_MOVE = YES;
				CLANG_WARN_UNGUARDED_AVAILABILITY = YES_AGGRESSIVE;
				CLANG_WARN_UNREACHABLE_CODE = YES;
				CLANG_WARN__DUPLICATE_METHOD_MATCH = YES;
				COPY_PHASE_STRIP = NO;
				DEBUG_INFORMATION_FORMAT = "dwarf-with-dsym";
				ENABLE_NS_ASSERTIONS = NO;
				ENABLE_STRICT_OBJC_MSGSEND = YES;
				GCC_C_LANGUAGE_STANDARD = gnu11;
				GCC_NO_COMMON_BLOCKS = YES;
				GCC_WARN_64_TO_32_BIT_CONVERSION = YES;
				GCC_WARN_ABOUT_RETURN_TYPE = YES_ERROR;
				GCC_WARN_UNDECLARED_SELECTOR = YES;
				GCC_WARN_UNINITIALIZED_AUTOS = YES_AGGRESSIVE;
				GCC_WARN_UNUSED_FUNCTION = YES;
				GCC_WARN_UNUSED_VARIABLE = YES;
				IPHONEOS_DEPLOYMENT_TARGET = 13.2;
				MTL_ENABLE_DEBUG_INFO = NO;
				MTL_FAST_MATH = YES;
				SDKROOT = iphoneos;
				SWIFT_COMPILATION_MODE = wholemodule;
				SWIFT_OPTIMIZATION_LEVEL = "-O";
				VALIDATE_PRODUCT = YES;
			};
			name = Release;
		};
		C193FE2F23E1040700C9F614 /* Debug */ = {
			isa = XCBuildConfiguration;
			buildSettings = {
				ASSETCATALOG_COMPILER_APPICON_NAME = AppIcon;
				CODE_SIGN_STYLE = Automatic;
				DEVELOPMENT_TEAM = 26RHXP32FH;
				INFOPLIST_FILE = "Programattic UI Lab/Info.plist";
				LD_RUNPATH_SEARCH_PATHS = (
					"$(inherited)",
					"@executable_path/Frameworks",
				);
				PRODUCT_BUNDLE_IDENTIFIER = "org.gregkeeley.Programattic-UI-Lab";
				PRODUCT_NAME = "$(TARGET_NAME)";
				SWIFT_VERSION = 5.0;
				TARGETED_DEVICE_FAMILY = "1,2";
			};
			name = Debug;
		};
		C193FE3023E1040700C9F614 /* Release */ = {
			isa = XCBuildConfiguration;
			buildSettings = {
				ASSETCATALOG_COMPILER_APPICON_NAME = AppIcon;
				CODE_SIGN_STYLE = Automatic;
				DEVELOPMENT_TEAM = 26RHXP32FH;
				INFOPLIST_FILE = "Programattic UI Lab/Info.plist";
				LD_RUNPATH_SEARCH_PATHS = (
					"$(inherited)",
					"@executable_path/Frameworks",
				);
				PRODUCT_BUNDLE_IDENTIFIER = "org.gregkeeley.Programattic-UI-Lab";
				PRODUCT_NAME = "$(TARGET_NAME)";
				SWIFT_VERSION = 5.0;
				TARGETED_DEVICE_FAMILY = "1,2";
			};
			name = Release;
		};
/* End XCBuildConfiguration section */

/* Begin XCConfigurationList section */
		C193FE1523E1040400C9F614 /* Build configuration list for PBXProject "Programattic UI Lab" */ = {
			isa = XCConfigurationList;
			buildConfigurations = (
				C193FE2C23E1040700C9F614 /* Debug */,
				C193FE2D23E1040700C9F614 /* Release */,
			);
			defaultConfigurationIsVisible = 0;
			defaultConfigurationName = Release;
		};
		C193FE2E23E1040700C9F614 /* Build configuration list for PBXNativeTarget "Programattic UI Lab" */ = {
			isa = XCConfigurationList;
			buildConfigurations = (
				C193FE2F23E1040700C9F614 /* Debug */,
				C193FE3023E1040700C9F614 /* Release */,
			);
			defaultConfigurationIsVisible = 0;
			defaultConfigurationName = Release;
		};
/* End XCConfigurationList section */
	};
	rootObject = C193FE1223E1040400C9F614 /* Project object */;
}
